
Microsoft Visual Studio Solution File, Format Version 12.00
# Visual Studio Version 17
VisualStudioVersion = 17.10.35027.167
MinimumVisualStudioVersion = 10.0.40219.1
Project("{FAE04EC0-301F-11D3-BF4B-00C04F79EFBC}") = "BookData", "BookData\BookData.csproj", "{714EA400-26E1-40CE-9E04-95BE69ACD1B5}"
EndProject
Global
	GlobalSection(SolutionConfigurationPlatforms) = preSolution
		Debug|Any CPU = Debug|Any CPU
		Release|Any CPU = Release|Any CPU
	EndGlobalSection
	GlobalSection(ProjectConfigurationPlatforms) = postSolution
		{714EA400-26E1-40CE-9E04-95BE69ACD1B5}.Debug|Any CPU.ActiveCfg = Debug|Any CPU
		{714EA400-26E1-40CE-9E04-95BE69ACD1B5}.Debug|Any CPU.Build.0 = Debug|Any CPU
		{714EA400-26E1-40CE-9E04-95BE69ACD1B5}.Release|Any CPU.ActiveCfg = Release|Any CPU
		{714EA400-26E1-40CE-9E04-95BE69ACD1B5}.Release|Any CPU.Build.0 = Release|Any CPU
	EndGlobalSection
	GlobalSection(SolutionProperties) = preSolution
		HideSolutionNode = FALSE
	EndGlobalSection
	GlobalSection(ExtensibilityGlobals) = postSolution
		SolutionGuid = {4D4C3218-5D20-4107-BA33-16E38F50BCF8}
	EndGlobalSection
EndGlobal
